// !$*UTF8*$!
{
	archiveVersion = 1;
	classes = {
	};
	objectVersion = 55;
	objects = {

/* Begin PBXBuildFile section */
		557DE967CFD8EAA985F69612 /* Pods_MyHomeTV.framework in Frameworks */ = {isa = PBXBuildFile; fileRef = 2613480A5DDC8F2D1007C8C2 /* Pods_MyHomeTV.framework */; };
		5BA766D427071C7E00778819 /* ViewController.swift in Sources */ = {isa = PBXBuildFile; fileRef = 5BA766D327071C7E00778819 /* ViewController.swift */; };
		5BA766D927071C8400778819 /* Assets.xcassets in Resources */ = {isa = PBXBuildFile; fileRef = 5BA766D827071C8400778819 /* Assets.xcassets */; };
		5BA766DC27071C8400778819 /* LaunchScreen.storyboard in Resources */ = {isa = PBXBuildFile; fileRef = 5BA766DA27071C8400778819 /* LaunchScreen.storyboard */; };
		5BA766E327071F4300778819 /* AppDelegate.swift in Sources */ = {isa = PBXBuildFile; fileRef = 5BA766E227071F4300778819 /* AppDelegate.swift */; };
		5BA766F42707228900778819 /* HomeViewController.swift in Sources */ = {isa = PBXBuildFile; fileRef = 5BA766F32707228900778819 /* HomeViewController.swift */; };
		5BA766F6270722A100778819 /* HomeViewModel.swift in Sources */ = {isa = PBXBuildFile; fileRef = 5BA766F5270722A100778819 /* HomeViewModel.swift */; };
		5BA766F8270722C500778819 /* RoomDetailsViewController.swift in Sources */ = {isa = PBXBuildFile; fileRef = 5BA766F7270722C500778819 /* RoomDetailsViewController.swift */; };
		5BA766FA270722DA00778819 /* RoomDetailsViewModel.swift in Sources */ = {isa = PBXBuildFile; fileRef = 5BA766F9270722DA00778819 /* RoomDetailsViewModel.swift */; };
		5BA766FE2707231300778819 /* MHCollectionView.swift in Sources */ = {isa = PBXBuildFile; fileRef = 5BA766FD2707231300778819 /* MHCollectionView.swift */; };
		5BA767002707232F00778819 /* MHButtonCell.swift in Sources */ = {isa = PBXBuildFile; fileRef = 5BA766FF2707232F00778819 /* MHButtonCell.swift */; };
		5BA767022707233B00778819 /* MHCollectionViewCell.swift in Sources */ = {isa = PBXBuildFile; fileRef = 5BA767012707233B00778819 /* MHCollectionViewCell.swift */; };
		5BA767042707234700778819 /* MHRoomCell.swift in Sources */ = {isa = PBXBuildFile; fileRef = 5BA767032707234700778819 /* MHRoomCell.swift */; };
		5BA767062707235200778819 /* MHAccessoryCell.swift in Sources */ = {isa = PBXBuildFile; fileRef = 5BA767052707235200778819 /* MHAccessoryCell.swift */; };
		5BA767082707235E00778819 /* MHDataTypeCell.swift in Sources */ = {isa = PBXBuildFile; fileRef = 5BA767072707235E00778819 /* MHDataTypeCell.swift */; };
		5BA7670C270723C000778819 /* UICollectionView + Extention.swift in Sources */ = {isa = PBXBuildFile; fileRef = 5BA7670B270723C000778819 /* UICollectionView + Extention.swift */; };
		5BA7670E270723D500778819 /* Images.swift in Sources */ = {isa = PBXBuildFile; fileRef = 5BA7670D270723D500778819 /* Images.swift */; };
		5BA767112707259700778819 /* HomeKit.framework in Frameworks */ = {isa = PBXBuildFile; fileRef = 5BA767102707259700778819 /* HomeKit.framework */; };
/* End PBXBuildFile section */

/* Begin PBXFileReference section */
		0CDCB401BEE6A6BF702DCAA4 /* Pods-MyHomeTV.release.xcconfig */ = {isa = PBXFileReference; includeInIndex = 1; lastKnownFileType = text.xcconfig; name = "Pods-MyHomeTV.release.xcconfig"; path = "Target Support Files/Pods-MyHomeTV/Pods-MyHomeTV.release.xcconfig"; sourceTree = "<group>"; };
		2613480A5DDC8F2D1007C8C2 /* Pods_MyHomeTV.framework */ = {isa = PBXFileReference; explicitFileType = wrapper.framework; includeInIndex = 0; path = Pods_MyHomeTV.framework; sourceTree = BUILT_PRODUCTS_DIR; };
		5BA766CE27071C7E00778819 /* MyHomeTV.app */ = {isa = PBXFileReference; explicitFileType = wrapper.application; includeInIndex = 0; path = MyHomeTV.app; sourceTree = BUILT_PRODUCTS_DIR; };
		5BA766D327071C7E00778819 /* ViewController.swift */ = {isa = PBXFileReference; lastKnownFileType = sourcecode.swift; path = ViewController.swift; sourceTree = "<group>"; };
		5BA766D827071C8400778819 /* Assets.xcassets */ = {isa = PBXFileReference; lastKnownFileType = folder.assetcatalog; path = Assets.xcassets; sourceTree = "<group>"; };
		5BA766DB27071C8400778819 /* Base */ = {isa = PBXFileReference; lastKnownFileType = file.storyboard; name = Base; path = Base.lproj/LaunchScreen.storyboard; sourceTree = "<group>"; };
		5BA766E227071F4300778819 /* AppDelegate.swift */ = {isa = PBXFileReference; fileEncoding = 4; lastKnownFileType = sourcecode.swift; name = AppDelegate.swift; path = App/AppDelegate.swift; sourceTree = "<group>"; };
		5BA766F32707228900778819 /* HomeViewController.swift */ = {isa = PBXFileReference; lastKnownFileType = sourcecode.swift; path = HomeViewController.swift; sourceTree = "<group>"; };
		5BA766F5270722A100778819 /* HomeViewModel.swift */ = {isa = PBXFileReference; lastKnownFileType = sourcecode.swift; path = HomeViewModel.swift; sourceTree = "<group>"; };
		5BA766F7270722C500778819 /* RoomDetailsViewController.swift */ = {isa = PBXFileReference; lastKnownFileType = sourcecode.swift; path = RoomDetailsViewController.swift; sourceTree = "<group>"; };
		5BA766F9270722DA00778819 /* RoomDetailsViewModel.swift */ = {isa = PBXFileReference; lastKnownFileType = sourcecode.swift; path = RoomDetailsViewModel.swift; sourceTree = "<group>"; };
		5BA766FD2707231300778819 /* MHCollectionView.swift */ = {isa = PBXFileReference; lastKnownFileType = sourcecode.swift; path = MHCollectionView.swift; sourceTree = "<group>"; };
		5BA766FF2707232F00778819 /* MHButtonCell.swift */ = {isa = PBXFileReference; lastKnownFileType = sourcecode.swift; path = MHButtonCell.swift; sourceTree = "<group>"; };
		5BA767012707233B00778819 /* MHCollectionViewCell.swift */ = {isa = PBXFileReference; lastKnownFileType = sourcecode.swift; path = MHCollectionViewCell.swift; sourceTree = "<group>"; };
		5BA767032707234700778819 /* MHRoomCell.swift */ = {isa = PBXFileReference; lastKnownFileType = sourcecode.swift; path = MHRoomCell.swift; sourceTree = "<group>"; };
		5BA767052707235200778819 /* MHAccessoryCell.swift */ = {isa = PBXFileReference; lastKnownFileType = sourcecode.swift; path = MHAccessoryCell.swift; sourceTree = "<group>"; };
		5BA767072707235E00778819 /* MHDataTypeCell.swift */ = {isa = PBXFileReference; lastKnownFileType = sourcecode.swift; path = MHDataTypeCell.swift; sourceTree = "<group>"; };
		5BA7670B270723C000778819 /* UICollectionView + Extention.swift */ = {isa = PBXFileReference; lastKnownFileType = sourcecode.swift; path = "UICollectionView + Extention.swift"; sourceTree = "<group>"; };
		5BA7670D270723D500778819 /* Images.swift */ = {isa = PBXFileReference; lastKnownFileType = sourcecode.swift; path = Images.swift; sourceTree = "<group>"; };
		5BA7670F2707259700778819 /* MyHomeTV.entitlements */ = {isa = PBXFileReference; lastKnownFileType = text.plist.entitlements; path = MyHomeTV.entitlements; sourceTree = "<group>"; };
		5BA767102707259700778819 /* HomeKit.framework */ = {isa = PBXFileReference; lastKnownFileType = wrapper.framework; name = HomeKit.framework; path = System/Library/Frameworks/HomeKit.framework; sourceTree = SDKROOT; };
		E26CB59A0F9891131144B7B8 /* Pods-MyHomeTV.debug.xcconfig */ = {isa = PBXFileReference; includeInIndex = 1; lastKnownFileType = text.xcconfig; name = "Pods-MyHomeTV.debug.xcconfig"; path = "Target Support Files/Pods-MyHomeTV/Pods-MyHomeTV.debug.xcconfig"; sourceTree = "<group>"; };
/* End PBXFileReference section */

/* Begin PBXFrameworksBuildPhase section */
		5BA766CB27071C7E00778819 /* Frameworks */ = {
			isa = PBXFrameworksBuildPhase;
			buildActionMask = 2147483647;
			files = (
				5BA767112707259700778819 /* HomeKit.framework in Frameworks */,
				557DE967CFD8EAA985F69612 /* Pods_MyHomeTV.framework in Frameworks */,
			);
			runOnlyForDeploymentPostprocessing = 0;
		};
/* End PBXFrameworksBuildPhase section */

/* Begin PBXGroup section */
		0D8441D5D4CA45511E465446 /* Pods */ = {
			isa = PBXGroup;
			children = (
				E26CB59A0F9891131144B7B8 /* Pods-MyHomeTV.debug.xcconfig */,
				0CDCB401BEE6A6BF702DCAA4 /* Pods-MyHomeTV.release.xcconfig */,
			);
			path = Pods;
			sourceTree = "<group>";
		};
		5BA766C527071C7E00778819 = {
			isa = PBXGroup;
			children = (
				5BA766D027071C7E00778819 /* MyHomeTV */,
				5BA766CF27071C7E00778819 /* Products */,
				0D8441D5D4CA45511E465446 /* Pods */,
				800B782DFD885CBD7E8BE796 /* Frameworks */,
			);
			sourceTree = "<group>";
		};
		5BA766CF27071C7E00778819 /* Products */ = {
			isa = PBXGroup;
			children = (
				5BA766CE27071C7E00778819 /* MyHomeTV.app */,
			);
			name = Products;
			sourceTree = "<group>";
		};
		5BA766D027071C7E00778819 /* MyHomeTV */ = {
			isa = PBXGroup;
			children = (
				5BA7670F2707259700778819 /* MyHomeTV.entitlements */,
				5BA76709270723A000778819 /* Helpers */,
				5BA766FB270722EE00778819 /* Views */,
				5BA766EE2707224100778819 /* Controllers */,
				5BA766E227071F4300778819 /* AppDelegate.swift */,
				5BA766D327071C7E00778819 /* ViewController.swift */,
				5BA766D827071C8400778819 /* Assets.xcassets */,
				5BA766DA27071C8400778819 /* LaunchScreen.storyboard */,
			);
			path = MyHomeTV;
			sourceTree = "<group>";
		};
		5BA766EE2707224100778819 /* Controllers */ = {
			isa = PBXGroup;
			children = (
				5BA766F02707225C00778819 /* RoomDetails */,
				5BA766EF2707225400778819 /* HomeVC */,
			);
			path = Controllers;
			sourceTree = "<group>";
		};
		5BA766EF2707225400778819 /* HomeVC */ = {
			isa = PBXGroup;
			children = (
				5BA766F12707226A00778819 /* ViewModel */,
				5BA766F32707228900778819 /* HomeViewController.swift */,
			);
			path = HomeVC;
			sourceTree = "<group>";
		};
		5BA766F02707225C00778819 /* RoomDetails */ = {
			isa = PBXGroup;
			children = (
				5BA766F22707227100778819 /* ViewModel */,
				5BA766F7270722C500778819 /* RoomDetailsViewController.swift */,
			);
			path = RoomDetails;
			sourceTree = "<group>";
		};
		5BA766F12707226A00778819 /* ViewModel */ = {
			isa = PBXGroup;
			children = (
				5BA766F5270722A100778819 /* HomeViewModel.swift */,
			);
			path = ViewModel;
			sourceTree = "<group>";
		};
		5BA766F22707227100778819 /* ViewModel */ = {
			isa = PBXGroup;
			children = (
				5BA766F9270722DA00778819 /* RoomDetailsViewModel.swift */,
			);
			path = ViewModel;
			sourceTree = "<group>";
		};
		5BA766FB270722EE00778819 /* Views */ = {
			isa = PBXGroup;
			children = (
				5BA766FC270722FF00778819 /* Cells */,
				5BA766FD2707231300778819 /* MHCollectionView.swift */,
			);
			path = Views;
			sourceTree = "<group>";
		};
		5BA766FC270722FF00778819 /* Cells */ = {
			isa = PBXGroup;
			children = (
				5BA766FF2707232F00778819 /* MHButtonCell.swift */,
				5BA767012707233B00778819 /* MHCollectionViewCell.swift */,
				5BA767032707234700778819 /* MHRoomCell.swift */,
				5BA767052707235200778819 /* MHAccessoryCell.swift */,
				5BA767072707235E00778819 /* MHDataTypeCell.swift */,
			);
			path = Cells;
			sourceTree = "<group>";
		};
		5BA76709270723A000778819 /* Helpers */ = {
			isa = PBXGroup;
			children = (
				5BA7670A270723B200778819 /* Extensions */,
				5BA7670D270723D500778819 /* Images.swift */,
			);
			path = Helpers;
			sourceTree = "<group>";
		};
		5BA7670A270723B200778819 /* Extensions */ = {
			isa = PBXGroup;
			children = (
				5BA7670B270723C000778819 /* UICollectionView + Extention.swift */,
			);
			path = Extensions;
			sourceTree = "<group>";
		};
		800B782DFD885CBD7E8BE796 /* Frameworks */ = {
			isa = PBXGroup;
			children = (
				5BA767102707259700778819 /* HomeKit.framework */,
				2613480A5DDC8F2D1007C8C2 /* Pods_MyHomeTV.framework */,
			);
			name = Frameworks;
			sourceTree = "<group>";
		};
/* End PBXGroup section */

/* Begin PBXNativeTarget section */
		5BA766CD27071C7E00778819 /* MyHomeTV */ = {
			isa = PBXNativeTarget;
			buildConfigurationList = 5BA766DF27071C8400778819 /* Build configuration list for PBXNativeTarget "MyHomeTV" */;
			buildPhases = (
				2AA8F30E7D051CFA1FDA4407 /* [CP] Check Pods Manifest.lock */,
				5BA766CA27071C7E00778819 /* Sources */,
				5BA766CB27071C7E00778819 /* Frameworks */,
				5BA766CC27071C7E00778819 /* Resources */,
				97399CFA1C1343478592798C /* [CP] Embed Pods Frameworks */,
			);
			buildRules = (
			);
			dependencies = (
			);
			name = MyHomeTV;
			productName = MyHomeTV;
			productReference = 5BA766CE27071C7E00778819 /* MyHomeTV.app */;
			productType = "com.apple.product-type.application";
		};
/* End PBXNativeTarget section */

/* Begin PBXProject section */
		5BA766C627071C7E00778819 /* Project object */ = {
			isa = PBXProject;
			attributes = {
				BuildIndependentTargetsInParallel = 1;
				LastSwiftUpdateCheck = 1300;
				LastUpgradeCheck = 1300;
				TargetAttributes = {
					5BA766CD27071C7E00778819 = {
						CreatedOnToolsVersion = 13.0;
					};
				};
			};
			buildConfigurationList = 5BA766C927071C7E00778819 /* Build configuration list for PBXProject "MyHomeTV" */;
			compatibilityVersion = "Xcode 13.0";
			developmentRegion = en;
			hasScannedForEncodings = 0;
			knownRegions = (
				en,
				Base,
			);
			mainGroup = 5BA766C527071C7E00778819;
			productRefGroup = 5BA766CF27071C7E00778819 /* Products */;
			projectDirPath = "";
			projectRoot = "";
			targets = (
				5BA766CD27071C7E00778819 /* MyHomeTV */,
			);
		};
/* End PBXProject section */

/* Begin PBXResourcesBuildPhase section */
		5BA766CC27071C7E00778819 /* Resources */ = {
			isa = PBXResourcesBuildPhase;
			buildActionMask = 2147483647;
			files = (
				5BA766DC27071C8400778819 /* LaunchScreen.storyboard in Resources */,
				5BA766D927071C8400778819 /* Assets.xcassets in Resources */,
			);
			runOnlyForDeploymentPostprocessing = 0;
		};
/* End PBXResourcesBuildPhase section */

/* Begin PBXShellScriptBuildPhase section */
		2AA8F30E7D051CFA1FDA4407 /* [CP] Check Pods Manifest.lock */ = {
			isa = PBXShellScriptBuildPhase;
			buildActionMask = 2147483647;
			files = (
			);
			inputFileListPaths = (
			);
			inputPaths = (
				"${PODS_PODFILE_DIR_PATH}/Podfile.lock",
				"${PODS_ROOT}/Manifest.lock",
			);
			name = "[CP] Check Pods Manifest.lock";
			outputFileListPaths = (
			);
			outputPaths = (
				"$(DERIVED_FILE_DIR)/Pods-MyHomeTV-checkManifestLockResult.txt",
			);
			runOnlyForDeploymentPostprocessing = 0;
			shellPath = /bin/sh;
			shellScript = "diff \"${PODS_PODFILE_DIR_PATH}/Podfile.lock\" \"${PODS_ROOT}/Manifest.lock\" > /dev/null\nif [ $? != 0 ] ; then\n    # print error to STDERR\n    echo \"error: The sandbox is not in sync with the Podfile.lock. Run 'pod install' or update your CocoaPods installation.\" >&2\n    exit 1\nfi\n# This output is used by Xcode 'outputs' to avoid re-running this script phase.\necho \"SUCCESS\" > \"${SCRIPT_OUTPUT_FILE_0}\"\n";
			showEnvVarsInLog = 0;
		};
		97399CFA1C1343478592798C /* [CP] Embed Pods Frameworks */ = {
			isa = PBXShellScriptBuildPhase;
			buildActionMask = 2147483647;
			files = (
			);
			inputFileListPaths = (
				"${PODS_ROOT}/Target Support Files/Pods-MyHomeTV/Pods-MyHomeTV-frameworks-${CONFIGURATION}-input-files.xcfilelist",
			);
			name = "[CP] Embed Pods Frameworks";
			outputFileListPaths = (
				"${PODS_ROOT}/Target Support Files/Pods-MyHomeTV/Pods-MyHomeTV-frameworks-${CONFIGURATION}-output-files.xcfilelist",
			);
			runOnlyForDeploymentPostprocessing = 0;
			shellPath = /bin/sh;
			shellScript = "\"${PODS_ROOT}/Target Support Files/Pods-MyHomeTV/Pods-MyHomeTV-frameworks.sh\"\n";
			showEnvVarsInLog = 0;
		};
/* End PBXShellScriptBuildPhase section */

/* Begin PBXSourcesBuildPhase section */
		5BA766CA27071C7E00778819 /* Sources */ = {
			isa = PBXSourcesBuildPhase;
			buildActionMask = 2147483647;
			files = (
				5BA766FA270722DA00778819 /* RoomDetailsViewModel.swift in Sources */,
				5BA766FE2707231300778819 /* MHCollectionView.swift in Sources */,
				5BA766E327071F4300778819 /* AppDelegate.swift in Sources */,
				5BA766D427071C7E00778819 /* ViewController.swift in Sources */,
				5BA766F8270722C500778819 /* RoomDetailsViewController.swift in Sources */,
				5BA767042707234700778819 /* MHRoomCell.swift in Sources */,
				5BA766F42707228900778819 /* HomeViewController.swift in Sources */,
				5BA7670E270723D500778819 /* Images.swift in Sources */,
				5BA7670C270723C000778819 /* UICollectionView + Extention.swift in Sources */,
				5BA767022707233B00778819 /* MHCollectionViewCell.swift in Sources */,
				5BA767082707235E00778819 /* MHDataTypeCell.swift in Sources */,
				5BA767002707232F00778819 /* MHButtonCell.swift in Sources */,
				5BA766F6270722A100778819 /* HomeViewModel.swift in Sources */,
				5BA767062707235200778819 /* MHAccessoryCell.swift in Sources */,
			);
			runOnlyForDeploymentPostprocessing = 0;
		};
/* End PBXSourcesBuildPhase section */

/* Begin PBXVariantGroup section */
		5BA766DA27071C8400778819 /* LaunchScreen.storyboard */ = {
			isa = PBXVariantGroup;
			children = (
				5BA766DB27071C8400778819 /* Base */,
			);
			name = LaunchScreen.storyboard;
			sourceTree = "<group>";
		};
/* End PBXVariantGroup section */

/* Begin XCBuildConfiguration section */
		5BA766DD27071C8400778819 /* Debug */ = {
			isa = XCBuildConfiguration;
			buildSettings = {
				ALWAYS_SEARCH_USER_PATHS = NO;
				CLANG_ANALYZER_NONNULL = YES;
				CLANG_ANALYZER_NUMBER_OBJECT_CONVERSION = YES_AGGRESSIVE;
				CLANG_CXX_LANGUAGE_STANDARD = "gnu++17";
				CLANG_CXX_LIBRARY = "libc++";
				CLANG_ENABLE_MODULES = YES;
				CLANG_ENABLE_OBJC_ARC = YES;
				CLANG_ENABLE_OBJC_WEAK = YES;
				CLANG_WARN_BLOCK_CAPTURE_AUTORELEASING = YES;
				CLANG_WARN_BOOL_CONVERSION = YES;
				CLANG_WARN_COMMA = YES;
				CLANG_WARN_CONSTANT_CONVERSION = YES;
				CLANG_WARN_DEPRECATED_OBJC_IMPLEMENTATIONS = YES;
				CLANG_WARN_DIRECT_OBJC_ISA_USAGE = YES_ERROR;
				CLANG_WARN_DOCUMENTATION_COMMENTS = YES;
				CLANG_WARN_EMPTY_BODY = YES;
				CLANG_WARN_ENUM_CONVERSION = YES;
				CLANG_WARN_INFINITE_RECURSION = YES;
				CLANG_WARN_INT_CONVERSION = YES;
				CLANG_WARN_NON_LITERAL_NULL_CONVERSION = YES;
				CLANG_WARN_OBJC_IMPLICIT_RETAIN_SELF = YES;
				CLANG_WARN_OBJC_LITERAL_CONVERSION = YES;
				CLANG_WARN_OBJC_ROOT_CLASS = YES_ERROR;
				CLANG_WARN_QUOTED_INCLUDE_IN_FRAMEWORK_HEADER = YES;
				CLANG_WARN_RANGE_LOOP_ANALYSIS = YES;
				CLANG_WARN_STRICT_PROTOTYPES = YES;
				CLANG_WARN_SUSPICIOUS_MOVE = YES;
				CLANG_WARN_UNGUARDED_AVAILABILITY = YES_AGGRESSIVE;
				CLANG_WARN_UNREACHABLE_CODE = YES;
				CLANG_WARN__DUPLICATE_METHOD_MATCH = YES;
				COPY_PHASE_STRIP = NO;
				DEBUG_INFORMATION_FORMAT = dwarf;
				ENABLE_STRICT_OBJC_MSGSEND = YES;
				ENABLE_TESTABILITY = YES;
				GCC_C_LANGUAGE_STANDARD = gnu11;
				GCC_DYNAMIC_NO_PIC = NO;
				GCC_NO_COMMON_BLOCKS = YES;
				GCC_OPTIMIZATION_LEVEL = 0;
				GCC_PREPROCESSOR_DEFINITIONS = (
					"DEBUG=1",
					"$(inherited)",
				);
				GCC_WARN_64_TO_32_BIT_CONVERSION = YES;
				GCC_WARN_ABOUT_RETURN_TYPE = YES_ERROR;
				GCC_WARN_UNDECLARED_SELECTOR = YES;
				GCC_WARN_UNINITIALIZED_AUTOS = YES_AGGRESSIVE;
				GCC_WARN_UNUSED_FUNCTION = YES;
				GCC_WARN_UNUSED_VARIABLE = YES;
				MTL_ENABLE_DEBUG_INFO = INCLUDE_SOURCE;
				MTL_FAST_MATH = YES;
				ONLY_ACTIVE_ARCH = YES;
				SDKROOT = appletvos;
				SWIFT_ACTIVE_COMPILATION_CONDITIONS = DEBUG;
				SWIFT_OPTIMIZATION_LEVEL = "-Onone";
				TVOS_DEPLOYMENT_TARGET = 15.0;
			};
			name = Debug;
		};
		5BA766DE27071C8400778819 /* Release */ = {
			isa = XCBuildConfiguration;
			buildSettings = {
				ALWAYS_SEARCH_USER_PATHS = NO;
				CLANG_ANALYZER_NONNULL = YES;
				CLANG_ANALYZER_NUMBER_OBJECT_CONVERSION = YES_AGGRESSIVE;
				CLANG_CXX_LANGUAGE_STANDARD = "gnu++17";
				CLANG_CXX_LIBRARY = "libc++";
				CLANG_ENABLE_MODULES = YES;
				CLANG_ENABLE_OBJC_ARC = YES;
				CLANG_ENABLE_OBJC_WEAK = YES;
				CLANG_WARN_BLOCK_CAPTURE_AUTORELEASING = YES;
				CLANG_WARN_BOOL_CONVERSION = YES;
				CLANG_WARN_COMMA = YES;
				CLANG_WARN_CONSTANT_CONVERSION = YES;
				CLANG_WARN_DEPRECATED_OBJC_IMPLEMENTATIONS = YES;
				CLANG_WARN_DIRECT_OBJC_ISA_USAGE = YES_ERROR;
				CLANG_WARN_DOCUMENTATION_COMMENTS = YES;
				CLANG_WARN_EMPTY_BODY = YES;
				CLANG_WARN_ENUM_CONVERSION = YES;
				CLANG_WARN_INFINITE_RECURSION = YES;
				CLANG_WARN_INT_CONVERSION = YES;
				CLANG_WARN_NON_LITERAL_NULL_CONVERSION = YES;
				CLANG_WARN_OBJC_IMPLICIT_RETAIN_SELF = YES;
				CLANG_WARN_OBJC_LITERAL_CONVERSION = YES;
				CLANG_WARN_OBJC_ROOT_CLASS = YES_ERROR;
				CLANG_WARN_QUOTED_INCLUDE_IN_FRAMEWORK_HEADER = YES;
				CLANG_WARN_RANGE_LOOP_ANALYSIS = YES;
				CLANG_WARN_STRICT_PROTOTYPES = YES;
				CLANG_WARN_SUSPICIOUS_MOVE = YES;
				CLANG_WARN_UNGUARDED_AVAILABILITY = YES_AGGRESSIVE;
				CLANG_WARN_UNREACHABLE_CODE = YES;
				CLANG_WARN__DUPLICATE_METHOD_MATCH = YES;
				COPY_PHASE_STRIP = NO;
				DEBUG_INFORMATION_FORMAT = "dwarf-with-dsym";
				ENABLE_NS_ASSERTIONS = NO;
				ENABLE_STRICT_OBJC_MSGSEND = YES;
				GCC_C_LANGUAGE_STANDARD = gnu11;
				GCC_NO_COMMON_BLOCKS = YES;
				GCC_WARN_64_TO_32_BIT_CONVERSION = YES;
				GCC_WARN_ABOUT_RETURN_TYPE = YES_ERROR;
				GCC_WARN_UNDECLARED_SELECTOR = YES;
				GCC_WARN_UNINITIALIZED_AUTOS = YES_AGGRESSIVE;
				GCC_WARN_UNUSED_FUNCTION = YES;
				GCC_WARN_UNUSED_VARIABLE = YES;
				MTL_ENABLE_DEBUG_INFO = NO;
				MTL_FAST_MATH = YES;
				SDKROOT = appletvos;
				SWIFT_COMPILATION_MODE = wholemodule;
				SWIFT_OPTIMIZATION_LEVEL = "-O";
				TVOS_DEPLOYMENT_TARGET = 15.0;
				VALIDATE_PRODUCT = YES;
			};
			name = Release;
		};
		5BA766E027071C8400778819 /* Debug */ = {
			isa = XCBuildConfiguration;
			baseConfigurationReference = E26CB59A0F9891131144B7B8 /* Pods-MyHomeTV.debug.xcconfig */;
			buildSettings = {
				ASSETCATALOG_COMPILER_APPICON_NAME = "App Icon & Top Shelf Image";
				ASSETCATALOG_COMPILER_GLOBAL_ACCENT_COLOR_NAME = AccentColor;
				CODE_SIGN_ENTITLEMENTS = MyHomeTV/MyHomeTV.entitlements;
				CODE_SIGN_STYLE = Automatic;
				CURRENT_PROJECT_VERSION = 1;
				DEVELOPMENT_TEAM = 4694MUZBLD;
				GENERATE_INFOPLIST_FILE = YES;
				INFOPLIST_KEY_NSHomeKitUsageDescription = "I need your home";
				INFOPLIST_KEY_UILaunchStoryboardName = LaunchScreen;
				INFOPLIST_KEY_UIUserInterfaceStyle = Automatic;
				LD_RUNPATH_SEARCH_PATHS = (
					"$(inherited)",
					"@executable_path/Frameworks",
				);
				MARKETING_VERSION = 1.0;
				PRODUCT_BUNDLE_IDENTIFIER = ml.alexmir.MyHomeTV;
				PRODUCT_NAME = "$(TARGET_NAME)";
				SWIFT_EMIT_LOC_STRINGS = YES;
				SWIFT_VERSION = 5.0;
				TARGETED_DEVICE_FAMILY = 3;
			};
			name = Debug;
		};
		5BA766E127071C8400778819 /* Release */ = {
			isa = XCBuildConfiguration;
			baseConfigurationReference = 0CDCB401BEE6A6BF702DCAA4 /* Pods-MyHomeTV.release.xcconfig */;
			buildSettings = {
				ASSETCATALOG_COMPILER_APPICON_NAME = "App Icon & Top Shelf Image";
				ASSETCATALOG_COMPILER_GLOBAL_ACCENT_COLOR_NAME = AccentColor;
				CODE_SIGN_ENTITLEMENTS = MyHomeTV/MyHomeTV.entitlements;
				CODE_SIGN_STYLE = Automatic;
				CURRENT_PROJECT_VERSION = 1;
				DEVELOPMENT_TEAM = 4694MUZBLD;
				GENERATE_INFOPLIST_FILE = YES;
				INFOPLIST_KEY_NSHomeKitUsageDescription = "I need your home";
				INFOPLIST_KEY_UILaunchStoryboardName = LaunchScreen;
				INFOPLIST_KEY_UIUserInterfaceStyle = Automatic;
				LD_RUNPATH_SEARCH_PATHS = (
					"$(inherited)",
					"@executable_path/Frameworks",
				);
				MARKETING_VERSION = 1.0;
				PRODUCT_BUNDLE_IDENTIFIER = ml.alexmir.MyHomeTV;
				PRODUCT_NAME = "$(TARGET_NAME)";
				SWIFT_EMIT_LOC_STRINGS = YES;
				SWIFT_VERSION = 5.0;
				TARGETED_DEVICE_FAMILY = 3;
			};
			name = Release;
		};
/* End XCBuildConfiguration section */

/* Begin XCConfigurationList section */
		5BA766C927071C7E00778819 /* Build configuration list for PBXProject "MyHomeTV" */ = {
			isa = XCConfigurationList;
			buildConfigurations = (
				5BA766DD27071C8400778819 /* Debug */,
				5BA766DE27071C8400778819 /* Release */,
			);
			defaultConfigurationIsVisible = 0;
			defaultConfigurationName = Release;
		};
		5BA766DF27071C8400778819 /* Build configuration list for PBXNativeTarget "MyHomeTV" */ = {
			isa = XCConfigurationList;
			buildConfigurations = (
				5BA766E027071C8400778819 /* Debug */,
				5BA766E127071C8400778819 /* Release */,
			);
			defaultConfigurationIsVisible = 0;
			defaultConfigurationName = Release;
		};
/* End XCConfigurationList section */
	};
	rootObject = 5BA766C627071C7E00778819 /* Project object */;
}
